// !$*UTF8*$!
{
	archiveVersion = 1;
	classes = {
	};
	objectVersion = 55;
	objects = {

/* Begin PBXBuildFile section */
		65F1C7E7299D0952008A3BA0 /* BidOnAdMobMediationAdapter.framework in Frameworks */ = {isa = PBXBuildFile; fileRef = 65F1C7E6299D0952008A3BA0 /* BidOnAdMobMediationAdapter.framework */; };
		65F1C7E9299D0952008A3BA0 /* BidOnApplovinMediationAdapter.framework in Frameworks */ = {isa = PBXBuildFile; fileRef = 65F1C7E8299D0952008A3BA0 /* BidOnApplovinMediationAdapter.framework */; };
		65F1C7EB299D0952008A3BA0 /* BidOnBidMachineMediationAdapter.framework in Frameworks */ = {isa = PBXBuildFile; fileRef = 65F1C7EA299D0952008A3BA0 /* BidOnBidMachineMediationAdapter.framework */; };
		65F1C7EF299D4A87008A3BA0 /* BidOnMediationSdk.framework in Frameworks */ = {isa = PBXBuildFile; fileRef = 65F1C7EE299D4A87008A3BA0 /* BidOnMediationSdk.framework */; };
		65F57CEB2859D66D00B28953 /* AppDelegate.swift in Sources */ = {isa = PBXBuildFile; fileRef = 65F57CEA2859D66D00B28953 /* AppDelegate.swift */; };
		65F57CED2859D66D00B28953 /* SceneDelegate.swift in Sources */ = {isa = PBXBuildFile; fileRef = 65F57CEC2859D66D00B28953 /* SceneDelegate.swift */; };
		65F57CF22859D66D00B28953 /* Main.storyboard in Resources */ = {isa = PBXBuildFile; fileRef = 65F57CF02859D66D00B28953 /* Main.storyboard */; };
		65F57CF42859D66E00B28953 /* Assets.xcassets in Resources */ = {isa = PBXBuildFile; fileRef = 65F57CF32859D66E00B28953 /* Assets.xcassets */; };
		65F57CF72859D66E00B28953 /* LaunchScreen.storyboard in Resources */ = {isa = PBXBuildFile; fileRef = 65F57CF52859D66E00B28953 /* LaunchScreen.storyboard */; };
		65F57D092859DA5900B28953 /* Base.swift in Sources */ = {isa = PBXBuildFile; fileRef = 65F57D082859DA5900B28953 /* Base.swift */; };
		65F57D0B2859DB3100B28953 /* BaseView.xib in Resources */ = {isa = PBXBuildFile; fileRef = 65F57D0A2859DB3100B28953 /* BaseView.xib */; };
		65F57D0D2859DEDA00B28953 /* Banner.swift in Sources */ = {isa = PBXBuildFile; fileRef = 65F57D0C2859DEDA00B28953 /* Banner.swift */; };
		65F57D0F2859DEF500B28953 /* ABanner.swift in Sources */ = {isa = PBXBuildFile; fileRef = 65F57D0E2859DEF500B28953 /* ABanner.swift */; };
		65F57D112859DF0B00B28953 /* Interstitial.swift in Sources */ = {isa = PBXBuildFile; fileRef = 65F57D102859DF0B00B28953 /* Interstitial.swift */; };
		65F57D132859DF2100B28953 /* Rewarded.swift in Sources */ = {isa = PBXBuildFile; fileRef = 65F57D122859DF2100B28953 /* Rewarded.swift */; };
		A267085BFDAFDBBEA679B823 /* libPods-Sample.a in Frameworks */ = {isa = PBXBuildFile; fileRef = 56F0CF724790E319B857590D /* libPods-Sample.a */; };
/* End PBXBuildFile section */

/* Begin PBXFileReference section */
		54A5583A0B6F45767F38B70C /* Pods-Sample.debug.xcconfig */ = {isa = PBXFileReference; includeInIndex = 1; lastKnownFileType = text.xcconfig; name = "Pods-Sample.debug.xcconfig"; path = "Target Support Files/Pods-Sample/Pods-Sample.debug.xcconfig"; sourceTree = "<group>"; };
		56F0CF724790E319B857590D /* libPods-Sample.a */ = {isa = PBXFileReference; explicitFileType = archive.ar; includeInIndex = 0; path = "libPods-Sample.a"; sourceTree = BUILT_PRODUCTS_DIR; };
		65F1C7E6299D0952008A3BA0 /* BidOnAdMobMediationAdapter.framework */ = {isa = PBXFileReference; explicitFileType = wrapper.framework; path = BidOnAdMobMediationAdapter.framework; sourceTree = BUILT_PRODUCTS_DIR; };
		65F1C7E8299D0952008A3BA0 /* BidOnApplovinMediationAdapter.framework */ = {isa = PBXFileReference; explicitFileType = wrapper.framework; path = BidOnApplovinMediationAdapter.framework; sourceTree = BUILT_PRODUCTS_DIR; };
		65F1C7EA299D0952008A3BA0 /* BidOnBidMachineMediationAdapter.framework */ = {isa = PBXFileReference; explicitFileType = wrapper.framework; path = BidOnBidMachineMediationAdapter.framework; sourceTree = BUILT_PRODUCTS_DIR; };
		65F1C7EC299D0952008A3BA0 /* BidOnMediationModule.framework */ = {isa = PBXFileReference; explicitFileType = wrapper.framework; path = BidOnMediationModule.framework; sourceTree = BUILT_PRODUCTS_DIR; };
		65F1C7EE299D4A87008A3BA0 /* BidOnMediationSdk.framework */ = {isa = PBXFileReference; explicitFileType = wrapper.framework; path = BidOnMediationSdk.framework; sourceTree = BUILT_PRODUCTS_DIR; };
		65F57CE72859D66D00B28953 /* Sample.app */ = {isa = PBXFileReference; explicitFileType = wrapper.application; includeInIndex = 0; path = Sample.app; sourceTree = BUILT_PRODUCTS_DIR; };
		65F57CEA2859D66D00B28953 /* AppDelegate.swift */ = {isa = PBXFileReference; lastKnownFileType = sourcecode.swift; path = AppDelegate.swift; sourceTree = "<group>"; };
		65F57CEC2859D66D00B28953 /* SceneDelegate.swift */ = {isa = PBXFileReference; lastKnownFileType = sourcecode.swift; path = SceneDelegate.swift; sourceTree = "<group>"; };
		65F57CF12859D66D00B28953 /* Base */ = {isa = PBXFileReference; lastKnownFileType = file.storyboard; name = Base; path = Base.lproj/Main.storyboard; sourceTree = "<group>"; };
		65F57CF32859D66E00B28953 /* Assets.xcassets */ = {isa = PBXFileReference; lastKnownFileType = folder.assetcatalog; path = Assets.xcassets; sourceTree = "<group>"; };
		65F57CF62859D66E00B28953 /* Base */ = {isa = PBXFileReference; lastKnownFileType = file.storyboard; name = Base; path = Base.lproj/LaunchScreen.storyboard; sourceTree = "<group>"; };
		65F57CF82859D66E00B28953 /* Info.plist */ = {isa = PBXFileReference; lastKnownFileType = text.plist.xml; path = Info.plist; sourceTree = "<group>"; };
		65F57CFF2859D9CE00B28953 /* libAdMobMediationAdapter.a */ = {isa = PBXFileReference; explicitFileType = archive.ar; path = libAdMobMediationAdapter.a; sourceTree = BUILT_PRODUCTS_DIR; };
		65F57D012859D9CE00B28953 /* libApplovinMediationAdapter.a */ = {isa = PBXFileReference; explicitFileType = archive.ar; path = libApplovinMediationAdapter.a; sourceTree = BUILT_PRODUCTS_DIR; };
		65F57D032859D9CE00B28953 /* libBidMachineMediationAdapter.a */ = {isa = PBXFileReference; explicitFileType = archive.ar; path = libBidMachineMediationAdapter.a; sourceTree = BUILT_PRODUCTS_DIR; };
		65F57D052859D9D100B28953 /* BidMachineMediationModule.framework */ = {isa = PBXFileReference; explicitFileType = wrapper.framework; path = BidMachineMediationModule.framework; sourceTree = BUILT_PRODUCTS_DIR; };
		65F57D082859DA5900B28953 /* Base.swift */ = {isa = PBXFileReference; lastKnownFileType = sourcecode.swift; path = Base.swift; sourceTree = "<group>"; };
		65F57D0A2859DB3100B28953 /* BaseView.xib */ = {isa = PBXFileReference; fileEncoding = 4; lastKnownFileType = file.xib; path = BaseView.xib; sourceTree = "<group>"; };
		65F57D0C2859DEDA00B28953 /* Banner.swift */ = {isa = PBXFileReference; lastKnownFileType = sourcecode.swift; path = Banner.swift; sourceTree = "<group>"; };
		65F57D0E2859DEF500B28953 /* ABanner.swift */ = {isa = PBXFileReference; lastKnownFileType = sourcecode.swift; path = ABanner.swift; sourceTree = "<group>"; };
		65F57D102859DF0B00B28953 /* Interstitial.swift */ = {isa = PBXFileReference; lastKnownFileType = sourcecode.swift; path = Interstitial.swift; sourceTree = "<group>"; };
		65F57D122859DF2100B28953 /* Rewarded.swift */ = {isa = PBXFileReference; lastKnownFileType = sourcecode.swift; path = Rewarded.swift; sourceTree = "<group>"; };
		79FB1A79564016F4F9D3ECD6 /* Pods-Sample.release.xcconfig */ = {isa = PBXFileReference; includeInIndex = 1; lastKnownFileType = text.xcconfig; name = "Pods-Sample.release.xcconfig"; path = "Target Support Files/Pods-Sample/Pods-Sample.release.xcconfig"; sourceTree = "<group>"; };
/* End PBXFileReference section */

/* Begin PBXFrameworksBuildPhase section */
		65F57CE42859D66D00B28953 /* Frameworks */ = {
			isa = PBXFrameworksBuildPhase;
			buildActionMask = 2147483647;
			files = (
				65F1C7EF299D4A87008A3BA0 /* BidOnMediationSdk.framework in Frameworks */,
				65F1C7E7299D0952008A3BA0 /* BidOnAdMobMediationAdapter.framework in Frameworks */,
				65F1C7E9299D0952008A3BA0 /* BidOnApplovinMediationAdapter.framework in Frameworks */,
				65F1C7EB299D0952008A3BA0 /* BidOnBidMachineMediationAdapter.framework in Frameworks */,
				A267085BFDAFDBBEA679B823 /* libPods-Sample.a in Frameworks */,
			);
			runOnlyForDeploymentPostprocessing = 0;
		};
/* End PBXFrameworksBuildPhase section */

/* Begin PBXGroup section */
		1603CCDD75E52E401BC3ED44 /* Frameworks */ = {
			isa = PBXGroup;
			children = (
				65F1C7EE299D4A87008A3BA0 /* BidOnMediationSdk.framework */,
				65F1C7E6299D0952008A3BA0 /* BidOnAdMobMediationAdapter.framework */,
				65F1C7E8299D0952008A3BA0 /* BidOnApplovinMediationAdapter.framework */,
				65F1C7EA299D0952008A3BA0 /* BidOnBidMachineMediationAdapter.framework */,
				65F1C7EC299D0952008A3BA0 /* BidOnMediationModule.framework */,
				65F57D052859D9D100B28953 /* BidMachineMediationModule.framework */,
				65F57CFF2859D9CE00B28953 /* libAdMobMediationAdapter.a */,
				65F57D012859D9CE00B28953 /* libApplovinMediationAdapter.a */,
				65F57D032859D9CE00B28953 /* libBidMachineMediationAdapter.a */,
				56F0CF724790E319B857590D /* libPods-Sample.a */,
			);
			name = Frameworks;
			sourceTree = "<group>";
		};
		65F57CDE2859D66D00B28953 = {
			isa = PBXGroup;
			children = (
				65F57CE92859D66D00B28953 /* Sample */,
				65F57CE82859D66D00B28953 /* Products */,
				1603CCDD75E52E401BC3ED44 /* Frameworks */,
				C43EA81CEBEAA36187470E49 /* Pods */,
			);
			sourceTree = "<group>";
		};
		65F57CE82859D66D00B28953 /* Products */ = {
			isa = PBXGroup;
			children = (
				65F57CE72859D66D00B28953 /* Sample.app */,
			);
			name = Products;
			sourceTree = "<group>";
		};
		65F57CE92859D66D00B28953 /* Sample */ = {
			isa = PBXGroup;
			children = (
				65F57D072859DA4700B28953 /* Controllers */,
				65F57CFE2859D87700B28953 /* ApplicationSupport */,
			);
			path = Sample;
			sourceTree = "<group>";
		};
		65F57CFE2859D87700B28953 /* ApplicationSupport */ = {
			isa = PBXGroup;
			children = (
				65F57CEA2859D66D00B28953 /* AppDelegate.swift */,
				65F57CEC2859D66D00B28953 /* SceneDelegate.swift */,
				65F57CF02859D66D00B28953 /* Main.storyboard */,
				65F57CF32859D66E00B28953 /* Assets.xcassets */,
				65F57CF52859D66E00B28953 /* LaunchScreen.storyboard */,
				65F57D0A2859DB3100B28953 /* BaseView.xib */,
				65F57CF82859D66E00B28953 /* Info.plist */,
			);
			name = ApplicationSupport;
			sourceTree = "<group>";
		};
		65F57D072859DA4700B28953 /* Controllers */ = {
			isa = PBXGroup;
			children = (
				65F57D082859DA5900B28953 /* Base.swift */,
				65F57D0C2859DEDA00B28953 /* Banner.swift */,
				65F57D0E2859DEF500B28953 /* ABanner.swift */,
				65F57D102859DF0B00B28953 /* Interstitial.swift */,
				65F57D122859DF2100B28953 /* Rewarded.swift */,
			);
			name = Controllers;
			sourceTree = "<group>";
		};
		C43EA81CEBEAA36187470E49 /* Pods */ = {
			isa = PBXGroup;
			children = (
				54A5583A0B6F45767F38B70C /* Pods-Sample.debug.xcconfig */,
				79FB1A79564016F4F9D3ECD6 /* Pods-Sample.release.xcconfig */,
			);
			name = Pods;
			path = ../Pods;
			sourceTree = "<group>";
		};
/* End PBXGroup section */

/* Begin PBXNativeTarget section */
		65F57CE62859D66D00B28953 /* Sample */ = {
			isa = PBXNativeTarget;
			buildConfigurationList = 65F57CFB2859D66E00B28953 /* Build configuration list for PBXNativeTarget "Sample" */;
			buildPhases = (
				9067212D880B387A072737C8 /* [CP] Check Pods Manifest.lock */,
				65F57CE32859D66D00B28953 /* Sources */,
				65F57CE42859D66D00B28953 /* Frameworks */,
				65F57CE52859D66D00B28953 /* Resources */,
				C37CF7B0A21F13F172031B1C /* [CP] Copy Pods Resources */,
			);
			buildRules = (
			);
			dependencies = (
			);
			name = Sample;
			productName = BidMachineSample;
			productReference = 65F57CE72859D66D00B28953 /* Sample.app */;
			productType = "com.apple.product-type.application";
		};
/* End PBXNativeTarget section */

/* Begin PBXProject section */
		65F57CDF2859D66D00B28953 /* Project object */ = {
			isa = PBXProject;
			attributes = {
				BuildIndependentTargetsInParallel = 1;
				LastSwiftUpdateCheck = 1330;
				LastUpgradeCheck = 1330;
				TargetAttributes = {
					65F57CE62859D66D00B28953 = {
						CreatedOnToolsVersion = 13.3;
					};
				};
			};
			buildConfigurationList = 65F57CE22859D66D00B28953 /* Build configuration list for PBXProject "Sample" */;
			compatibilityVersion = "Xcode 13.0";
			developmentRegion = en;
			hasScannedForEncodings = 0;
			knownRegions = (
				en,
				Base,
			);
			mainGroup = 65F57CDE2859D66D00B28953;
			productRefGroup = 65F57CE82859D66D00B28953 /* Products */;
			projectDirPath = "";
			projectRoot = "";
			targets = (
				65F57CE62859D66D00B28953 /* Sample */,
			);
		};
/* End PBXProject section */

/* Begin PBXResourcesBuildPhase section */
		65F57CE52859D66D00B28953 /* Resources */ = {
			isa = PBXResourcesBuildPhase;
			buildActionMask = 2147483647;
			files = (
				65F57CF72859D66E00B28953 /* LaunchScreen.storyboard in Resources */,
				65F57CF42859D66E00B28953 /* Assets.xcassets in Resources */,
				65F57CF22859D66D00B28953 /* Main.storyboard in Resources */,
				65F57D0B2859DB3100B28953 /* BaseView.xib in Resources */,
			);
			runOnlyForDeploymentPostprocessing = 0;
		};
/* End PBXResourcesBuildPhase section */

/* Begin PBXShellScriptBuildPhase section */
		9067212D880B387A072737C8 /* [CP] Check Pods Manifest.lock */ = {
			isa = PBXShellScriptBuildPhase;
			buildActionMask = 2147483647;
			files = (
			);
			inputFileListPaths = (
			);
			inputPaths = (
				"${PODS_PODFILE_DIR_PATH}/Podfile.lock",
				"${PODS_ROOT}/Manifest.lock",
			);
			name = "[CP] Check Pods Manifest.lock";
			outputFileListPaths = (
			);
			outputPaths = (
				"$(DERIVED_FILE_DIR)/Pods-Sample-checkManifestLockResult.txt",
			);
			runOnlyForDeploymentPostprocessing = 0;
			shellPath = /bin/sh;
			shellScript = "diff \"${PODS_PODFILE_DIR_PATH}/Podfile.lock\" \"${PODS_ROOT}/Manifest.lock\" > /dev/null\nif [ $? != 0 ] ; then\n    # print error to STDERR\n    echo \"error: The sandbox is not in sync with the Podfile.lock. Run 'pod install' or update your CocoaPods installation.\" >&2\n    exit 1\nfi\n# This output is used by Xcode 'outputs' to avoid re-running this script phase.\necho \"SUCCESS\" > \"${SCRIPT_OUTPUT_FILE_0}\"\n";
			showEnvVarsInLog = 0;
		};
		C37CF7B0A21F13F172031B1C /* [CP] Copy Pods Resources */ = {
			isa = PBXShellScriptBuildPhase;
			buildActionMask = 2147483647;
			files = (
			);
			inputFileListPaths = (
				"${PODS_ROOT}/Target Support Files/Pods-Sample/Pods-Sample-resources-${CONFIGURATION}-input-files.xcfilelist",
			);
			name = "[CP] Copy Pods Resources";
			outputFileListPaths = (
				"${PODS_ROOT}/Target Support Files/Pods-Sample/Pods-Sample-resources-${CONFIGURATION}-output-files.xcfilelist",
			);
			runOnlyForDeploymentPostprocessing = 0;
			shellPath = /bin/sh;
			shellScript = "\"${PODS_ROOT}/Target Support Files/Pods-Sample/Pods-Sample-resources.sh\"\n";
			showEnvVarsInLog = 0;
		};
/* End PBXShellScriptBuildPhase section */

/* Begin PBXSourcesBuildPhase section */
		65F57CE32859D66D00B28953 /* Sources */ = {
			isa = PBXSourcesBuildPhase;
			buildActionMask = 2147483647;
			files = (
				65F57D092859DA5900B28953 /* Base.swift in Sources */,
				65F57D132859DF2100B28953 /* Rewarded.swift in Sources */,
				65F57D0D2859DEDA00B28953 /* Banner.swift in Sources */,
				65F57CEB2859D66D00B28953 /* AppDelegate.swift in Sources */,
				65F57CED2859D66D00B28953 /* SceneDelegate.swift in Sources */,
				65F57D0F2859DEF500B28953 /* ABanner.swift in Sources */,
				65F57D112859DF0B00B28953 /* Interstitial.swift in Sources */,
			);
			runOnlyForDeploymentPostprocessing = 0;
		};
/* End PBXSourcesBuildPhase section */

/* Begin PBXVariantGroup section */
		65F57CF02859D66D00B28953 /* Main.storyboard */ = {
			isa = PBXVariantGroup;
			children = (
				65F57CF12859D66D00B28953 /* Base */,
			);
			name = Main.storyboard;
			sourceTree = "<group>";
		};
		65F57CF52859D66E00B28953 /* LaunchScreen.storyboard */ = {
			isa = PBXVariantGroup;
			children = (
				65F57CF62859D66E00B28953 /* Base */,
			);
			name = LaunchScreen.storyboard;
			sourceTree = "<group>";
		};
/* End PBXVariantGroup section */

/* Begin XCBuildConfiguration section */
		65F57CF92859D66E00B28953 /* Debug */ = {
			isa = XCBuildConfiguration;
			buildSettings = {
				ALWAYS_SEARCH_USER_PATHS = NO;
				CLANG_ANALYZER_NONNULL = YES;
				CLANG_ANALYZER_NUMBER_OBJECT_CONVERSION = YES_AGGRESSIVE;
				CLANG_CXX_LANGUAGE_STANDARD = "gnu++17";
				CLANG_ENABLE_MODULES = YES;
				CLANG_ENABLE_OBJC_ARC = YES;
				CLANG_ENABLE_OBJC_WEAK = YES;
				CLANG_WARN_BLOCK_CAPTURE_AUTORELEASING = YES;
				CLANG_WARN_BOOL_CONVERSION = YES;
				CLANG_WARN_COMMA = YES;
				CLANG_WARN_CONSTANT_CONVERSION = YES;
				CLANG_WARN_DEPRECATED_OBJC_IMPLEMENTATIONS = YES;
				CLANG_WARN_DIRECT_OBJC_ISA_USAGE = YES_ERROR;
				CLANG_WARN_DOCUMENTATION_COMMENTS = YES;
				CLANG_WARN_EMPTY_BODY = YES;
				CLANG_WARN_ENUM_CONVERSION = YES;
				CLANG_WARN_INFINITE_RECURSION = YES;
				CLANG_WARN_INT_CONVERSION = YES;
				CLANG_WARN_NON_LITERAL_NULL_CONVERSION = YES;
				CLANG_WARN_OBJC_IMPLICIT_RETAIN_SELF = YES;
				CLANG_WARN_OBJC_LITERAL_CONVERSION = YES;
				CLANG_WARN_OBJC_ROOT_CLASS = YES_ERROR;
				CLANG_WARN_QUOTED_INCLUDE_IN_FRAMEWORK_HEADER = YES;
				CLANG_WARN_RANGE_LOOP_ANALYSIS = YES;
				CLANG_WARN_STRICT_PROTOTYPES = YES;
				CLANG_WARN_SUSPICIOUS_MOVE = YES;
				CLANG_WARN_UNGUARDED_AVAILABILITY = YES_AGGRESSIVE;
				CLANG_WARN_UNREACHABLE_CODE = YES;
				CLANG_WARN__DUPLICATE_METHOD_MATCH = YES;
				COPY_PHASE_STRIP = NO;
				DEBUG_INFORMATION_FORMAT = dwarf;
				ENABLE_STRICT_OBJC_MSGSEND = YES;
				ENABLE_TESTABILITY = YES;
				GCC_C_LANGUAGE_STANDARD = gnu11;
				GCC_DYNAMIC_NO_PIC = NO;
				GCC_NO_COMMON_BLOCKS = YES;
				GCC_OPTIMIZATION_LEVEL = 0;
				GCC_PREPROCESSOR_DEFINITIONS = (
					"DEBUG=1",
					"$(inherited)",
				);
				GCC_WARN_64_TO_32_BIT_CONVERSION = YES;
				GCC_WARN_ABOUT_RETURN_TYPE = YES_ERROR;
				GCC_WARN_UNDECLARED_SELECTOR = YES;
				GCC_WARN_UNINITIALIZED_AUTOS = YES_AGGRESSIVE;
				GCC_WARN_UNUSED_FUNCTION = YES;
				GCC_WARN_UNUSED_VARIABLE = YES;
				IPHONEOS_DEPLOYMENT_TARGET = 13.0;
				MTL_ENABLE_DEBUG_INFO = INCLUDE_SOURCE;
				MTL_FAST_MATH = YES;
				ONLY_ACTIVE_ARCH = YES;
				SDKROOT = iphoneos;
				SWIFT_ACTIVE_COMPILATION_CONDITIONS = DEBUG;
				SWIFT_OPTIMIZATION_LEVEL = "-Onone";
			};
			name = Debug;
		};
		65F57CFA2859D66E00B28953 /* Release */ = {
			isa = XCBuildConfiguration;
			buildSettings = {
				ALWAYS_SEARCH_USER_PATHS = NO;
				CLANG_ANALYZER_NONNULL = YES;
				CLANG_ANALYZER_NUMBER_OBJECT_CONVERSION = YES_AGGRESSIVE;
				CLANG_CXX_LANGUAGE_STANDARD = "gnu++17";
				CLANG_ENABLE_MODULES = YES;
				CLANG_ENABLE_OBJC_ARC = YES;
				CLANG_ENABLE_OBJC_WEAK = YES;
				CLANG_WARN_BLOCK_CAPTURE_AUTORELEASING = YES;
				CLANG_WARN_BOOL_CONVERSION = YES;
				CLANG_WARN_COMMA = YES;
				CLANG_WARN_CONSTANT_CONVERSION = YES;
				CLANG_WARN_DEPRECATED_OBJC_IMPLEMENTATIONS = YES;
				CLANG_WARN_DIRECT_OBJC_ISA_USAGE = YES_ERROR;
				CLANG_WARN_DOCUMENTATION_COMMENTS = YES;
				CLANG_WARN_EMPTY_BODY = YES;
				CLANG_WARN_ENUM_CONVERSION = YES;
				CLANG_WARN_INFINITE_RECURSION = YES;
				CLANG_WARN_INT_CONVERSION = YES;
				CLANG_WARN_NON_LITERAL_NULL_CONVERSION = YES;
				CLANG_WARN_OBJC_IMPLICIT_RETAIN_SELF = YES;
				CLANG_WARN_OBJC_LITERAL_CONVERSION = YES;
				CLANG_WARN_OBJC_ROOT_CLASS = YES_ERROR;
				CLANG_WARN_QUOTED_INCLUDE_IN_FRAMEWORK_HEADER = YES;
				CLANG_WARN_RANGE_LOOP_ANALYSIS = YES;
				CLANG_WARN_STRICT_PROTOTYPES = YES;
				CLANG_WARN_SUSPICIOUS_MOVE = YES;
				CLANG_WARN_UNGUARDED_AVAILABILITY = YES_AGGRESSIVE;
				CLANG_WARN_UNREACHABLE_CODE = YES;
				CLANG_WARN__DUPLICATE_METHOD_MATCH = YES;
				COPY_PHASE_STRIP = NO;
				DEBUG_INFORMATION_FORMAT = "dwarf-with-dsym";
				ENABLE_NS_ASSERTIONS = NO;
				ENABLE_STRICT_OBJC_MSGSEND = YES;
				GCC_C_LANGUAGE_STANDARD = gnu11;
				GCC_NO_COMMON_BLOCKS = YES;
				GCC_WARN_64_TO_32_BIT_CONVERSION = YES;
				GCC_WARN_ABOUT_RETURN_TYPE = YES_ERROR;
				GCC_WARN_UNDECLARED_SELECTOR = YES;
				GCC_WARN_UNINITIALIZED_AUTOS = YES_AGGRESSIVE;
				GCC_WARN_UNUSED_FUNCTION = YES;
				GCC_WARN_UNUSED_VARIABLE = YES;
				IPHONEOS_DEPLOYMENT_TARGET = 13.0;
				MTL_ENABLE_DEBUG_INFO = NO;
				MTL_FAST_MATH = YES;
				SDKROOT = iphoneos;
				SWIFT_COMPILATION_MODE = wholemodule;
				SWIFT_OPTIMIZATION_LEVEL = "-O";
				VALIDATE_PRODUCT = YES;
			};
			name = Release;
		};
		65F57CFC2859D66E00B28953 /* Debug */ = {
			isa = XCBuildConfiguration;
			baseConfigurationReference = 54A5583A0B6F45767F38B70C /* Pods-Sample.debug.xcconfig */;
			buildSettings = {
				ASSETCATALOG_COMPILER_APPICON_NAME = AppIcon;
				ASSETCATALOG_COMPILER_GLOBAL_ACCENT_COLOR_NAME = AccentColor;
				CODE_SIGN_STYLE = Automatic;
				CURRENT_PROJECT_VERSION = 1;
				DEVELOPMENT_TEAM = WG4VFF78ZM;
				GENERATE_INFOPLIST_FILE = YES;
				INFOPLIST_FILE = Sample/Info.plist;
				INFOPLIST_KEY_UIApplicationSupportsIndirectInputEvents = YES;
				INFOPLIST_KEY_UILaunchStoryboardName = LaunchScreen;
				INFOPLIST_KEY_UIMainStoryboardFile = Main;
				INFOPLIST_KEY_UISupportedInterfaceOrientations_iPad = "UIInterfaceOrientationPortrait UIInterfaceOrientationPortraitUpsideDown UIInterfaceOrientationLandscapeLeft UIInterfaceOrientationLandscapeRight";
				INFOPLIST_KEY_UISupportedInterfaceOrientations_iPhone = "UIInterfaceOrientationPortrait UIInterfaceOrientationLandscapeLeft UIInterfaceOrientationLandscapeRight";
				IPHONEOS_DEPLOYMENT_TARGET = 13.0;
				LD_RUNPATH_SEARCH_PATHS = (
					"$(inherited)",
					"@executable_path/Frameworks",
				);
				MARKETING_VERSION = 1.0;
				PRODUCT_BUNDLE_IDENTIFIER = com.empty.sample;
				PRODUCT_NAME = "$(TARGET_NAME)";
				SUPPORTED_PLATFORMS = "iphoneos iphonesimulator";
				SUPPORTS_MACCATALYST = NO;
				SUPPORTS_MAC_DESIGNED_FOR_IPHONE_IPAD = NO;
				SWIFT_EMIT_LOC_STRINGS = YES;
				SWIFT_VERSION = 5.0;
				TARGETED_DEVICE_FAMILY = "1,2";
			};
			name = Debug;
		};
		65F57CFD2859D66E00B28953 /* Release */ = {
			isa = XCBuildConfiguration;
			baseConfigurationReference = 79FB1A79564016F4F9D3ECD6 /* Pods-Sample.release.xcconfig */;
			buildSettings = {
				ASSETCATALOG_COMPILER_APPICON_NAME = AppIcon;
				ASSETCATALOG_COMPILER_GLOBAL_ACCENT_COLOR_NAME = AccentColor;
				CODE_SIGN_STYLE = Automatic;
				CURRENT_PROJECT_VERSION = 1;
				DEVELOPMENT_TEAM = WG4VFF78ZM;
				GENERATE_INFOPLIST_FILE = YES;
				INFOPLIST_FILE = Sample/Info.plist;
				INFOPLIST_KEY_UIApplicationSupportsIndirectInputEvents = YES;
				INFOPLIST_KEY_UILaunchStoryboardName = LaunchScreen;
				INFOPLIST_KEY_UIMainStoryboardFile = Main;
				INFOPLIST_KEY_UISupportedInterfaceOrientations_iPad = "UIInterfaceOrientationPortrait UIInterfaceOrientationPortraitUpsideDown UIInterfaceOrientationLandscapeLeft UIInterfaceOrientationLandscapeRight";
				INFOPLIST_KEY_UISupportedInterfaceOrientations_iPhone = "UIInterfaceOrientationPortrait UIInterfaceOrientationLandscapeLeft UIInterfaceOrientationLandscapeRight";
				IPHONEOS_DEPLOYMENT_TARGET = 13.0;
				LD_RUNPATH_SEARCH_PATHS = (
					"$(inherited)",
					"@executable_path/Frameworks",
				);
				MARKETING_VERSION = 1.0;
				PRODUCT_BUNDLE_IDENTIFIER = com.empty.sample;
				PRODUCT_NAME = "$(TARGET_NAME)";
				SUPPORTED_PLATFORMS = "iphoneos iphonesimulator";
				SUPPORTS_MACCATALYST = NO;
				SUPPORTS_MAC_DESIGNED_FOR_IPHONE_IPAD = NO;
				SWIFT_EMIT_LOC_STRINGS = YES;
				SWIFT_VERSION = 5.0;
				TARGETED_DEVICE_FAMILY = "1,2";
			};
			name = Release;
		};
/* End XCBuildConfiguration section */

/* Begin XCConfigurationList section */
		65F57CE22859D66D00B28953 /* Build configuration list for PBXProject "Sample" */ = {
			isa = XCConfigurationList;
			buildConfigurations = (
				65F57CF92859D66E00B28953 /* Debug */,
				65F57CFA2859D66E00B28953 /* Release */,
			);
			defaultConfigurationIsVisible = 0;
			defaultConfigurationName = Release;
		};
		65F57CFB2859D66E00B28953 /* Build configuration list for PBXNativeTarget "Sample" */ = {
			isa = XCConfigurationList;
			buildConfigurations = (
				65F57CFC2859D66E00B28953 /* Debug */,
				65F57CFD2859D66E00B28953 /* Release */,
			);
			defaultConfigurationIsVisible = 0;
			defaultConfigurationName = Release;
		};
/* End XCConfigurationList section */
	};
	rootObject = 65F57CDF2859D66D00B28953 /* Project object */;
}
